
Microsoft Visual Studio Solution File, Format Version 12.00
# Visual Studio Version 17
VisualStudioVersion = 17.14.36908.2 d17.14
MinimumVisualStudioVersion = 10.0.40219.1
Project("{FAE04EC0-301F-11D3-BF4B-00C04F79EFBC}") = "Urbanflow", "Urbanflow.csproj", "{5AA8EBAB-B223-441D-A7C4-C4F45878D63C}"
EndProject
Global
	GlobalSection(SolutionConfigurationPlatforms) = preSolution
		Debug|Any CPU = Debug|Any CPU
		Release|Any CPU = Release|Any CPU
	EndGlobalSection
	GlobalSection(ProjectConfigurationPlatforms) = postSolution
		{5AA8EBAB-B223-441D-A7C4-C4F45878D63C}.Debug|Any CPU.ActiveCfg = Debug|Any CPU
		{5AA8EBAB-B223-441D-A7C4-C4F45878D63C}.Debug|Any CPU.Build.0 = Debug|Any CPU
		{5AA8EBAB-B223-441D-A7C4-C4F45878D63C}.Release|Any CPU.ActiveCfg = Release|Any CPU
		{5AA8EBAB-B223-441D-A7C4-C4F45878D63C}.Release|Any CPU.Build.0 = Release|Any CPU
	EndGlobalSection
	GlobalSection(SolutionProperties) = preSolution
		HideSolutionNode = FALSE
	EndGlobalSection
	GlobalSection(ExtensibilityGlobals) = postSolution
		SolutionGuid = {C6743C7D-C95A-4B5C-9352-DD14AADB1F3F}
	EndGlobalSection
EndGlobal
